
Microsoft Visual Studio Solution File, Format Version 12.00
# Visual Studio Version 16
VisualStudioVersion = 16.0.30907.101
MinimumVisualStudioVersion = 10.0.40219.1
Project("{FAE04EC0-301F-11D3-BF4B-00C04F79EFBC}") = "QSharpTestProject1", "QSharpTestProject1\QSharpTestProject1.csproj", "{36717BA6-9C25-4568-918F-2B5F7D4BEEE7}"
EndProject
Global
	GlobalSection(SolutionConfigurationPlatforms) = preSolution
		Debug|Any CPU = Debug|Any CPU
		Release|Any CPU = Release|Any CPU
	EndGlobalSection
	GlobalSection(ProjectConfigurationPlatforms) = postSolution
		{36717BA6-9C25-4568-918F-2B5F7D4BEEE7}.Debug|Any CPU.ActiveCfg = Debug|Any CPU
		{36717BA6-9C25-4568-918F-2B5F7D4BEEE7}.Debug|Any CPU.Build.0 = Debug|Any CPU
		{36717BA6-9C25-4568-918F-2B5F7D4BEEE7}.Release|Any CPU.ActiveCfg = Release|Any CPU
		{36717BA6-9C25-4568-918F-2B5F7D4BEEE7}.Release|Any CPU.Build.0 = Release|Any CPU
	EndGlobalSection
	GlobalSection(SolutionProperties) = preSolution
		HideSolutionNode = FALSE
	EndGlobalSection
	GlobalSection(ExtensibilityGlobals) = postSolution
		SolutionGuid = {A91CA433-7264-4EED-A303-9643949BFCBE}
	EndGlobalSection
EndGlobal
